
Microsoft Visual Studio Solution File, Format Version 12.00
# Visual Studio 15
VisualStudioVersion = 15.0.27130.2036
MinimumVisualStudioVersion = 10.0.40219.1
Project("{FAE04EC0-301F-11D3-BF4B-00C04F79EFBC}") = "BinGo", "BinGo\BinGo.csproj", "{1AEA385C-B526-4B71-8CE7-9F904713B0BB}"
EndProject
Project("{FAE04EC0-301F-11D3-BF4B-00C04F79EFBC}") = "BinGoAPI", "BinGoAPI\BinGoAPI.csproj", "{BA9FA7F6-29CB-4538-86AA-12DAAE34F05D}"
EndProject
Global
	GlobalSection(SolutionConfigurationPlatforms) = preSolution
		Debug|Any CPU = Debug|Any CPU
		Release|Any CPU = Release|Any CPU
	EndGlobalSection
	GlobalSection(ProjectConfigurationPlatforms) = postSolution
		{1AEA385C-B526-4B71-8CE7-9F904713B0BB}.Debug|Any CPU.ActiveCfg = Debug|Any CPU
		{1AEA385C-B526-4B71-8CE7-9F904713B0BB}.Debug|Any CPU.Build.0 = Debug|Any CPU
		{1AEA385C-B526-4B71-8CE7-9F904713B0BB}.Release|Any CPU.ActiveCfg = Release|Any CPU
		{1AEA385C-B526-4B71-8CE7-9F904713B0BB}.Release|Any CPU.Build.0 = Release|Any CPU
		{BA9FA7F6-29CB-4538-86AA-12DAAE34F05D}.Debug|Any CPU.ActiveCfg = Debug|Any CPU
		{BA9FA7F6-29CB-4538-86AA-12DAAE34F05D}.Debug|Any CPU.Build.0 = Debug|Any CPU
		{BA9FA7F6-29CB-4538-86AA-12DAAE34F05D}.Release|Any CPU.ActiveCfg = Release|Any CPU
		{BA9FA7F6-29CB-4538-86AA-12DAAE34F05D}.Release|Any CPU.Build.0 = Release|Any CPU
	EndGlobalSection
	GlobalSection(SolutionProperties) = preSolution
		HideSolutionNode = FALSE
	EndGlobalSection
	GlobalSection(ExtensibilityGlobals) = postSolution
		SolutionGuid = {77751C13-78D8-4052-9FBC-390A38F3A357}
	EndGlobalSection
EndGlobal
